
Microsoft Visual Studio Solution File, Format Version 12.00
# Visual Studio Version 17
VisualStudioVersion = 17.0.31903.59
MinimumVisualStudioVersion = 10.0.40219.1
Project("{FAE04EC0-301F-11D3-BF4B-00C04F79EFBC}") = "ExxerAI.Domain", "Core\ExxerAI.Domain\ExxerAI.Domain.csproj", "{10261329-C232-45CF-855C-B2292C0B59A5}"
EndProject
Project("{FAE04EC0-301F-11D3-BF4B-00C04F79EFBC}") = "ExxerAI.Application", "Core\ExxerAI.Application\ExxerAI.Application.csproj", "{CB5326C6-49FF-4D23-8B69-ECE7FD209C69}"
	ProjectSection(ProjectDependencies) = postProject
		{10261329-C232-45CF-855C-B2292C0B59A5} = {10261329-C232-45CF-855C-B2292C0B59A5}
	EndProjectSection
EndProject
Project("{FAE04EC0-301F-11D3-BF4B-00C04F79EFBC}") = "ExxerAI.Infrastructure", "Infrastructure\ExxerAI.Infrastructure\ExxerAI.Infrastructure.csproj", "{4BA41BA4-131D-4645-B3E6-1CB93C634B5F}"
	ProjectSection(ProjectDependencies) = postProject
		{10261329-C232-45CF-855C-B2292C0B59A5} = {10261329-C232-45CF-855C-B2292C0B59A5}
		{CB5326C6-49FF-4D23-8B69-ECE7FD209C69} = {CB5326C6-49FF-4D23-8B69-ECE7FD209C69}
	EndProjectSection
EndProject

Project("{FAE04EC0-301F-11D3-BF4B-00C04F79EFBC}") = "ExxerAI.Api", "Infrastructure\ExxerAI.Api\ExxerAI.Api.csproj", "{A65E2933-F23A-49C2-9843-FD9156CC5AA2}"
	ProjectSection(ProjectDependencies) = postProject
		{10261329-C232-45CF-855C-B2292C0B59A5} = {10261329-C232-45CF-855C-B2292C0B59A5}
		{CB5326C6-49FF-4D23-8B69-ECE7FD209C69} = {CB5326C6-49FF-4D23-8B69-ECE7FD209C69}
		{4BA41BA4-131D-4645-B3E6-1CB93C634B5F} = {4BA41BA4-131D-4645-B3E6-1CB93C634B5F}
		{2FE3FF56-06F3-4152-A748-0295C9F8BBC7} = {2FE3FF56-06F3-4152-A748-0295C9F8BBC7}
	EndProjectSection
EndProject
Project("{FAE04EC0-301F-11D3-BF4B-00C04F79EFBC}") = "ExxerAI.CLI", "Infrastructure\ExxerAI.CLI\ExxerAI.CLI.csproj", "{754AC1A1-F3BF-4512-9C53-C455C2D8F992}"
	ProjectSection(ProjectDependencies) = postProject
		{10261329-C232-45CF-855C-B2292C0B59A5} = {10261329-C232-45CF-855C-B2292C0B59A5}
		{CB5326C6-49FF-4D23-8B69-ECE7FD209C69} = {CB5326C6-49FF-4D23-8B69-ECE7FD209C69}
		{4BA41BA4-131D-4645-B3E6-1CB93C634B5F} = {4BA41BA4-131D-4645-B3E6-1CB93C634B5F}
		{2FE3FF56-06F3-4152-A748-0295C9F8BBC7} = {2FE3FF56-06F3-4152-A748-0295C9F8BBC7}
	EndProjectSection
EndProject
Project("{FAE04EC0-301F-11D3-BF4B-00C04F79EFBC}") = "ExxerAi.MCPServer", "Infrastructure\ExxerAi.MCPServer\ExxerAi.MCPServer.csproj", "{C12E1E6C-21E2-480F-8BEE-E94185337213}"
	ProjectSection(ProjectDependencies) = postProject
		{10261329-C232-45CF-855C-B2292C0B59A5} = {10261329-C232-45CF-855C-B2292C0B59A5}
		{CB5326C6-49FF-4D23-8B69-ECE7FD209C69} = {CB5326C6-49FF-4D23-8B69-ECE7FD209C69}
		{4BA41BA4-131D-4645-B3E6-1CB93C634B5F} = {4BA41BA4-131D-4645-B3E6-1CB93C634B5F}
	EndProjectSection
EndProject
Project("{FAE04EC0-301F-11D3-BF4B-00C04F79EFBC}") = "ExxerAI.Orchestration", "Orchestration\ExxerAI.Orchestration\ExxerAI.Orchestration.csproj", "{2FE3FF56-06F3-4152-A748-0295C9F8BBC7}"
	ProjectSection(ProjectDependencies) = postProject
		{10261329-C232-45CF-855C-B2292C0B59A5} = {10261329-C232-45CF-855C-B2292C0B59A5}
		{CB5326C6-49FF-4D23-8B69-ECE7FD209C69} = {CB5326C6-49FF-4D23-8B69-ECE7FD209C69}
	EndProjectSection
EndProject
Project("{FAE04EC0-301F-11D3-BF4B-00C04F79EFBC}") = "ExxerAI.Aspire.AppHost", "Orchestration\ExxerAI.Aspire.AppHost\ExxerAI.Aspire.AppHost.csproj", "{45E9045E-C032-4BB9-B339-877B5AF717C0}"
EndProject
Project("{FAE04EC0-301F-11D3-BF4B-00C04F79EFBC}") = "ExxerAI.Aspire.ServiceDefaults", "Orchestration\ExxerAI.Aspire.ServiceDefaults\ExxerAI.Aspire.ServiceDefaults.csproj", "{0911B103-6DE4-0AB2-7213-F2088560C4F0}"
EndProject
Project("{FAE04EC0-301F-11D3-BF4B-00C04F79EFBC}") = "ExxerAI.UI", "Presentation\ExxerAI.UI\ExxerAI.UI.csproj", "{FFBE9F66-C359-874A-6BD5-EF1EFA32FC6A}"
EndProject
Project("{FAE04EC0-301F-11D3-BF4B-00C04F79EFBC}") = "ExxerAI.UI.Library", "Presentation\ExxerAI.UI.Library\ExxerAI.UI.Library.csproj", "{B87D87A6-FFDA-A7A4-368B-5D1B16A52DFE}"
EndProject


Project("{2150E333-8FDC-42A3-9474-1A3956D46DE8}") = "tests", "tests", "{0AB3BF05-4346-4AA6-1389-037BE0695223}"
EndProject
Project("{FAE04EC0-301F-11D3-BF4B-00C04F79EFBC}") = "ExxerAI.Domain.Tests", "tests\ExxerAI.Domain.Tests\ExxerAI.Domain.Tests.csproj", "{98D561B8-9798-48F2-8CC1-A4DA1F849C8F}"
	ProjectSection(ProjectDependencies) = postProject
		{10261329-C232-45CF-855C-B2292C0B59A5} = {10261329-C232-45CF-855C-B2292C0B59A5}
	EndProjectSection
EndProject
Project("{FAE04EC0-301F-11D3-BF4B-00C04F79EFBC}") = "ExxerAI.Application.Tests", "tests\ExxerAI.Application.Tests\ExxerAI.Application.Tests.csproj", "{E397079B-6C28-44B6-9F41-8AB1796A652B}"
	ProjectSection(ProjectDependencies) = postProject
		{10261329-C232-45CF-855C-B2292C0B59A5} = {10261329-C232-45CF-855C-B2292C0B59A5}
		{CB5326C6-49FF-4D23-8B69-ECE7FD209C69} = {CB5326C6-49FF-4D23-8B69-ECE7FD209C69}
		{4BA41BA4-131D-4645-B3E6-1CB93C634B5F} = {4BA41BA4-131D-4645-B3E6-1CB93C634B5F}
	EndProjectSection
EndProject
Project("{FAE04EC0-301F-11D3-BF4B-00C04F79EFBC}") = "ExxerAI.Infrastructure.Tests", "tests\ExxerAI.Infrastructure.Tests\ExxerAI.Infrastructure.Tests.csproj", "{8AA0D0BA-B1F5-43BF-BBCF-2068EF002F90}"
	ProjectSection(ProjectDependencies) = postProject
		{10261329-C232-45CF-855C-B2292C0B59A5} = {10261329-C232-45CF-855C-B2292C0B59A5}
		{CB5326C6-49FF-4D23-8B69-ECE7FD209C69} = {CB5326C6-49FF-4D23-8B69-ECE7FD209C69}
		{4BA41BA4-131D-4645-B3E6-1CB93C634B5F} = {4BA41BA4-131D-4645-B3E6-1CB93C634B5F}
	EndProjectSection
EndProject
Project("{FAE04EC0-301F-11D3-BF4B-00C04F79EFBC}") = "ExxerAI.Orchestration.Tests", "tests\ExxerAI.Orchestration.Tests\ExxerAI.Orchestration.Tests.csproj", "{22052174-6E09-00E3-62E3-48B77992BB18}"
	ProjectSection(ProjectDependencies) = postProject
		{10261329-C232-45CF-855C-B2292C0B59A5} = {10261329-C232-45CF-855C-B2292C0B59A5}
		{CB5326C6-49FF-4D23-8B69-ECE7FD209C69} = {CB5326C6-49FF-4D23-8B69-ECE7FD209C69}
		{2FE3FF56-06F3-4152-A748-0295C9F8BBC7} = {2FE3FF56-06F3-4152-A748-0295C9F8BBC7}
	EndProjectSection
EndProject
Project("{FAE04EC0-301F-11D3-BF4B-00C04F79EFBC}") = "ExxerAI.Api.Tests", "tests\ExxerAI.Api.Tests\ExxerAI.Api.Tests.csproj", "{2A4CA202-3520-A0EE-CB90-CD88CD63D9B3}"
	ProjectSection(ProjectDependencies) = postProject
		{10261329-C232-45CF-855C-B2292C0B59A5} = {10261329-C232-45CF-855C-B2292C0B59A5}
		{CB5326C6-49FF-4D23-8B69-ECE7FD209C69} = {CB5326C6-49FF-4D23-8B69-ECE7FD209C69}
		{4BA41BA4-131D-4645-B3E6-1CB93C634B5F} = {4BA41BA4-131D-4645-B3E6-1CB93C634B5F}
		{A65E2933-F23A-49C2-9843-FD9156CC5AA2} = {A65E2933-F23A-49C2-9843-FD9156CC5AA2}
	EndProjectSection
EndProject
Project("{FAE04EC0-301F-11D3-BF4B-00C04F79EFBC}") = "ExxerAI.CLI.Tests", "tests\ExxerAI.CLI.Tests\ExxerAI.CLI.Tests.csproj", "{DBF055F8-040F-09CE-6378-4E8B34F79966}"
	ProjectSection(ProjectDependencies) = postProject
		{10261329-C232-45CF-855C-B2292C0B59A5} = {10261329-C232-45CF-855C-B2292C0B59A5}
		{CB5326C6-49FF-4D23-8B69-ECE7FD209C69} = {CB5326C6-49FF-4D23-8B69-ECE7FD209C69}
		{4BA41BA4-131D-4645-B3E6-1CB93C634B5F} = {4BA41BA4-131D-4645-B3E6-1CB93C634B5F}
		{754AC1A1-F3BF-4512-9C53-C455C2D8F992} = {754AC1A1-F3BF-4512-9C53-C455C2D8F992}
	EndProjectSection
EndProject

Project("{2150E333-8FDC-42A3-9474-1A3956D46DE8}") = "Solution Items", "Solution Items", "{CA4FADB9-FF0E-4572-8219-746E8F2225BA}"
EndProject
Project("{FAE04EC0-301F-11D3-BF4B-00C04F79EFBC}") = "ExxerAI.IntegrationTests", "tests\ExxerAI.IntegrationTests\ExxerAI.IntegrationTests.csproj", "{1444B20A-39C7-26D3-6309-DFD65462A147}"
	ProjectSection(ProjectDependencies) = postProject
		{10261329-C232-45CF-855C-B2292C0B59A5} = {10261329-C232-45CF-855C-B2292C0B59A5}
		{CB5326C6-49FF-4D23-8B69-ECE7FD209C69} = {CB5326C6-49FF-4D23-8B69-ECE7FD209C69}
		{4BA41BA4-131D-4645-B3E6-1CB93C634B5F} = {4BA41BA4-131D-4645-B3E6-1CB93C634B5F}
		{A65E2933-F23A-49C2-9843-FD9156CC5AA2} = {A65E2933-F23A-49C2-9843-FD9156CC5AA2}
	EndProjectSection
EndProject
Project("{FAE04EC0-301F-11D3-BF4B-00C04F79EFBC}") = "ExxerAI.Architecture.Tests", "tests\ExxerAI.Architecture.Tests\ExxerAI.Architecture.Tests.csproj", "{57551015-79D3-7023-73EC-39DCDA7825A2}"
	ProjectSection(ProjectDependencies) = postProject
		{10261329-C232-45CF-855C-B2292C0B59A5} = {10261329-C232-45CF-855C-B2292C0B59A5}
		{CB5326C6-49FF-4D23-8B69-ECE7FD209C69} = {CB5326C6-49FF-4D23-8B69-ECE7FD209C69}
		{4BA41BA4-131D-4645-B3E6-1CB93C634B5F} = {4BA41BA4-131D-4645-B3E6-1CB93C634B5F}
		{A65E2933-F23A-49C2-9843-FD9156CC5AA2} = {A65E2933-F23A-49C2-9843-FD9156CC5AA2}
	EndProjectSection
EndProject
Global
	GlobalSection(SolutionConfigurationPlatforms) = preSolution
		Debug|Any CPU = Debug|Any CPU
		Debug|x64 = Debug|x64
		Debug|x86 = Debug|x86
		Release|Any CPU = Release|Any CPU
		Release|x64 = Release|x64
		Release|x86 = Release|x86
	EndGlobalSection
	GlobalSection(ProjectConfigurationPlatforms) = postSolution
		{10261329-C232-45CF-855C-B2292C0B59A5}.Debug|Any CPU.ActiveCfg = Debug|Any CPU
		{10261329-C232-45CF-855C-B2292C0B59A5}.Debug|Any CPU.Build.0 = Debug|Any CPU
		{10261329-C232-45CF-855C-B2292C0B59A5}.Debug|x64.ActiveCfg = Debug|Any CPU
		{10261329-C232-45CF-855C-B2292C0B59A5}.Debug|x64.Build.0 = Debug|Any CPU
		{10261329-C232-45CF-855C-B2292C0B59A5}.Debug|x86.ActiveCfg = Debug|Any CPU
		{10261329-C232-45CF-855C-B2292C0B59A5}.Debug|x86.Build.0 = Debug|Any CPU
		{10261329-C232-45CF-855C-B2292C0B59A5}.Release|Any CPU.ActiveCfg = Release|Any CPU
		{10261329-C232-45CF-855C-B2292C0B59A5}.Release|Any CPU.Build.0 = Release|Any CPU
		{10261329-C232-45CF-855C-B2292C0B59A5}.Release|x64.ActiveCfg = Release|Any CPU
		{10261329-C232-45CF-855C-B2292C0B59A5}.Release|x64.Build.0 = Release|Any CPU
		{10261329-C232-45CF-855C-B2292C0B59A5}.Release|x86.ActiveCfg = Release|Any CPU
		{10261329-C232-45CF-855C-B2292C0B59A5}.Release|x86.Build.0 = Release|Any CPU
		{CB5326C6-49FF-4D23-8B69-ECE7FD209C69}.Debug|Any CPU.ActiveCfg = Debug|Any CPU
		{CB5326C6-49FF-4D23-8B69-ECE7FD209C69}.Debug|Any CPU.Build.0 = Debug|Any CPU
		{CB5326C6-49FF-4D23-8B69-ECE7FD209C69}.Debug|x64.ActiveCfg = Debug|Any CPU
		{CB5326C6-49FF-4D23-8B69-ECE7FD209C69}.Debug|x64.Build.0 = Debug|Any CPU
		{CB5326C6-49FF-4D23-8B69-ECE7FD209C69}.Debug|x86.ActiveCfg = Debug|Any CPU
		{CB5326C6-49FF-4D23-8B69-ECE7FD209C69}.Debug|x86.Build.0 = Debug|Any CPU
		{CB5326C6-49FF-4D23-8B69-ECE7FD209C69}.Release|Any CPU.ActiveCfg = Release|Any CPU
		{CB5326C6-49FF-4D23-8B69-ECE7FD209C69}.Release|Any CPU.Build.0 = Release|Any CPU
		{CB5326C6-49FF-4D23-8B69-ECE7FD209C69}.Release|x64.ActiveCfg = Release|Any CPU
		{CB5326C6-49FF-4D23-8B69-ECE7FD209C69}.Release|x64.Build.0 = Release|Any CPU
		{CB5326C6-49FF-4D23-8B69-ECE7FD209C69}.Release|x86.ActiveCfg = Release|Any CPU
		{CB5326C6-49FF-4D23-8B69-ECE7FD209C69}.Release|x86.Build.0 = Release|Any CPU
		{4BA41BA4-131D-4645-B3E6-1CB93C634B5F}.Debug|Any CPU.ActiveCfg = Debug|Any CPU
		{4BA41BA4-131D-4645-B3E6-1CB93C634B5F}.Debug|Any CPU.Build.0 = Debug|Any CPU
		{4BA41BA4-131D-4645-B3E6-1CB93C634B5F}.Debug|x64.ActiveCfg = Debug|Any CPU
		{4BA41BA4-131D-4645-B3E6-1CB93C634B5F}.Debug|x64.Build.0 = Debug|Any CPU
		{4BA41BA4-131D-4645-B3E6-1CB93C634B5F}.Debug|x86.ActiveCfg = Debug|Any CPU
		{4BA41BA4-131D-4645-B3E6-1CB93C634B5F}.Debug|x86.Build.0 = Debug|Any CPU
		{4BA41BA4-131D-4645-B3E6-1CB93C634B5F}.Release|Any CPU.ActiveCfg = Release|Any CPU
		{4BA41BA4-131D-4645-B3E6-1CB93C634B5F}.Release|Any CPU.Build.0 = Release|Any CPU
		{4BA41BA4-131D-4645-B3E6-1CB93C634B5F}.Release|x64.ActiveCfg = Release|Any CPU
		{4BA41BA4-131D-4645-B3E6-1CB93C634B5F}.Release|x64.Build.0 = Release|Any CPU
		{4BA41BA4-131D-4645-B3E6-1CB93C634B5F}.Release|x86.ActiveCfg = Release|Any CPU
		{4BA41BA4-131D-4645-B3E6-1CB93C634B5F}.Release|x86.Build.0 = Release|Any CPU
		{2FE3FF56-06F3-4152-A748-0295C9F8BBC7}.Debug|Any CPU.ActiveCfg = Debug|Any CPU
		{2FE3FF56-06F3-4152-A748-0295C9F8BBC7}.Debug|Any CPU.Build.0 = Debug|Any CPU
		{2FE3FF56-06F3-4152-A748-0295C9F8BBC7}.Debug|x64.ActiveCfg = Debug|Any CPU
		{2FE3FF56-06F3-4152-A748-0295C9F8BBC7}.Debug|x64.Build.0 = Debug|Any CPU
		{2FE3FF56-06F3-4152-A748-0295C9F8BBC7}.Debug|x86.ActiveCfg = Debug|Any CPU
		{2FE3FF56-06F3-4152-A748-0295C9F8BBC7}.Debug|x86.Build.0 = Debug|Any CPU
		{2FE3FF56-06F3-4152-A748-0295C9F8BBC7}.Release|Any CPU.ActiveCfg = Release|Any CPU
		{2FE3FF56-06F3-4152-A748-0295C9F8BBC7}.Release|Any CPU.Build.0 = Release|Any CPU
		{2FE3FF56-06F3-4152-A748-0295C9F8BBC7}.Release|x64.ActiveCfg = Release|Any CPU
		{2FE3FF56-06F3-4152-A748-0295C9F8BBC7}.Release|x64.Build.0 = Release|Any CPU
		{2FE3FF56-06F3-4152-A748-0295C9F8BBC7}.Release|x86.ActiveCfg = Release|Any CPU
		{2FE3FF56-06F3-4152-A748-0295C9F8BBC7}.Release|x86.Build.0 = Release|Any CPU
		{754AC1A1-F3BF-4512-9C53-C455C2D8F992}.Debug|Any CPU.ActiveCfg = Debug|Any CPU
		{754AC1A1-F3BF-4512-9C53-C455C2D8F992}.Debug|Any CPU.Build.0 = Debug|Any CPU
		{754AC1A1-F3BF-4512-9C53-C455C2D8F992}.Debug|x64.ActiveCfg = Debug|Any CPU
		{754AC1A1-F3BF-4512-9C53-C455C2D8F992}.Debug|x64.Build.0 = Debug|Any CPU
		{754AC1A1-F3BF-4512-9C53-C455C2D8F992}.Debug|x86.ActiveCfg = Debug|Any CPU
		{754AC1A1-F3BF-4512-9C53-C455C2D8F992}.Debug|x86.Build.0 = Debug|Any CPU
		{754AC1A1-F3BF-4512-9C53-C455C2D8F992}.Release|Any CPU.ActiveCfg = Release|Any CPU
		{754AC1A1-F3BF-4512-9C53-C455C2D8F992}.Release|Any CPU.Build.0 = Release|Any CPU
		{754AC1A1-F3BF-4512-9C53-C455C2D8F992}.Release|x64.ActiveCfg = Release|Any CPU
		{754AC1A1-F3BF-4512-9C53-C455C2D8F992}.Release|x64.Build.0 = Release|Any CPU
		{754AC1A1-F3BF-4512-9C53-C455C2D8F992}.Release|x86.ActiveCfg = Release|Any CPU
		{754AC1A1-F3BF-4512-9C53-C455C2D8F992}.Release|x86.Build.0 = Release|Any CPU
		{A65E2933-F23A-49C2-9843-FD9156CC5AA2}.Debug|Any CPU.ActiveCfg = Debug|Any CPU
		{A65E2933-F23A-49C2-9843-FD9156CC5AA2}.Debug|Any CPU.Build.0 = Debug|Any CPU
		{A65E2933-F23A-49C2-9843-FD9156CC5AA2}.Debug|x64.ActiveCfg = Debug|Any CPU
		{A65E2933-F23A-49C2-9843-FD9156CC5AA2}.Debug|x64.Build.0 = Debug|Any CPU
		{A65E2933-F23A-49C2-9843-FD9156CC5AA2}.Debug|x86.ActiveCfg = Debug|Any CPU
		{A65E2933-F23A-49C2-9843-FD9156CC5AA2}.Debug|x86.Build.0 = Debug|Any CPU
		{A65E2933-F23A-49C2-9843-FD9156CC5AA2}.Release|Any CPU.ActiveCfg = Release|Any CPU
		{A65E2933-F23A-49C2-9843-FD9156CC5AA2}.Release|Any CPU.Build.0 = Release|Any CPU
		{A65E2933-F23A-49C2-9843-FD9156CC5AA2}.Release|x64.ActiveCfg = Release|Any CPU
		{A65E2933-F23A-49C2-9843-FD9156CC5AA2}.Release|x64.Build.0 = Release|Any CPU
		{A65E2933-F23A-49C2-9843-FD9156CC5AA2}.Release|x86.ActiveCfg = Release|Any CPU
		{A65E2933-F23A-49C2-9843-FD9156CC5AA2}.Release|x86.Build.0 = Release|Any CPU
		{98D561B8-9798-48F2-8CC1-A4DA1F849C8F}.Debug|Any CPU.ActiveCfg = Debug|Any CPU
		{98D561B8-9798-48F2-8CC1-A4DA1F849C8F}.Debug|Any CPU.Build.0 = Debug|Any CPU
		{98D561B8-9798-48F2-8CC1-A4DA1F849C8F}.Debug|x64.ActiveCfg = Debug|Any CPU
		{98D561B8-9798-48F2-8CC1-A4DA1F849C8F}.Debug|x64.Build.0 = Debug|Any CPU
		{98D561B8-9798-48F2-8CC1-A4DA1F849C8F}.Debug|x86.ActiveCfg = Debug|Any CPU
		{98D561B8-9798-48F2-8CC1-A4DA1F849C8F}.Debug|x86.Build.0 = Debug|Any CPU
		{98D561B8-9798-48F2-8CC1-A4DA1F849C8F}.Release|Any CPU.ActiveCfg = Release|Any CPU
		{98D561B8-9798-48F2-8CC1-A4DA1F849C8F}.Release|Any CPU.Build.0 = Release|Any CPU
		{98D561B8-9798-48F2-8CC1-A4DA1F849C8F}.Release|x64.ActiveCfg = Release|Any CPU
		{98D561B8-9798-48F2-8CC1-A4DA1F849C8F}.Release|x64.Build.0 = Release|Any CPU
		{98D561B8-9798-48F2-8CC1-A4DA1F849C8F}.Release|x86.ActiveCfg = Release|Any CPU
		{98D561B8-9798-48F2-8CC1-A4DA1F849C8F}.Release|x86.Build.0 = Release|Any CPU
		{E397079B-6C28-44B6-9F41-8AB1796A652B}.Debug|Any CPU.ActiveCfg = Debug|Any CPU
		{E397079B-6C28-44B6-9F41-8AB1796A652B}.Debug|Any CPU.Build.0 = Debug|Any CPU
		{E397079B-6C28-44B6-9F41-8AB1796A652B}.Debug|x64.ActiveCfg = Debug|Any CPU
		{E397079B-6C28-44B6-9F41-8AB1796A652B}.Debug|x64.Build.0 = Debug|Any CPU
		{E397079B-6C28-44B6-9F41-8AB1796A652B}.Debug|x86.ActiveCfg = Debug|Any CPU
		{E397079B-6C28-44B6-9F41-8AB1796A652B}.Debug|x86.Build.0 = Debug|Any CPU
		{E397079B-6C28-44B6-9F41-8AB1796A652B}.Release|Any CPU.ActiveCfg = Release|Any CPU
		{E397079B-6C28-44B6-9F41-8AB1796A652B}.Release|Any CPU.Build.0 = Release|Any CPU
		{E397079B-6C28-44B6-9F41-8AB1796A652B}.Release|x64.ActiveCfg = Release|Any CPU
		{E397079B-6C28-44B6-9F41-8AB1796A652B}.Release|x64.Build.0 = Release|Any CPU
		{E397079B-6C28-44B6-9F41-8AB1796A652B}.Release|x86.ActiveCfg = Release|Any CPU
		{E397079B-6C28-44B6-9F41-8AB1796A652B}.Release|x86.Build.0 = Release|Any CPU
		{8AA0D0BA-B1F5-43BF-BBCF-2068EF002F90}.Debug|Any CPU.ActiveCfg = Debug|Any CPU
		{8AA0D0BA-B1F5-43BF-BBCF-2068EF002F90}.Debug|Any CPU.Build.0 = Debug|Any CPU
		{8AA0D0BA-B1F5-43BF-BBCF-2068EF002F90}.Debug|x64.ActiveCfg = Debug|Any CPU
		{8AA0D0BA-B1F5-43BF-BBCF-2068EF002F90}.Debug|x64.Build.0 = Debug|Any CPU
		{8AA0D0BA-B1F5-43BF-BBCF-2068EF002F90}.Debug|x86.ActiveCfg = Debug|Any CPU
		{8AA0D0BA-B1F5-43BF-BBCF-2068EF002F90}.Debug|x86.Build.0 = Debug|Any CPU
		{8AA0D0BA-B1F5-43BF-BBCF-2068EF002F90}.Release|Any CPU.ActiveCfg = Release|Any CPU
		{8AA0D0BA-B1F5-43BF-BBCF-2068EF002F90}.Release|Any CPU.Build.0 = Release|Any CPU
		{8AA0D0BA-B1F5-43BF-BBCF-2068EF002F90}.Release|x64.ActiveCfg = Release|Any CPU
		{8AA0D0BA-B1F5-43BF-BBCF-2068EF002F90}.Release|x64.Build.0 = Release|Any CPU
		{8AA0D0BA-B1F5-43BF-BBCF-2068EF002F90}.Release|x86.ActiveCfg = Release|Any CPU
		{8AA0D0BA-B1F5-43BF-BBCF-2068EF002F90}.Release|x86.Build.0 = Release|Any CPU
		{22052174-6E09-00E3-62E3-48B77992BB18}.Debug|Any CPU.ActiveCfg = Debug|Any CPU
		{22052174-6E09-00E3-62E3-48B77992BB18}.Debug|Any CPU.Build.0 = Debug|Any CPU
		{22052174-6E09-00E3-62E3-48B77992BB18}.Debug|x64.ActiveCfg = Debug|Any CPU
		{22052174-6E09-00E3-62E3-48B77992BB18}.Debug|x64.Build.0 = Debug|Any CPU
		{22052174-6E09-00E3-62E3-48B77992BB18}.Debug|x86.ActiveCfg = Debug|Any CPU
		{22052174-6E09-00E3-62E3-48B77992BB18}.Debug|x86.Build.0 = Debug|Any CPU
		{22052174-6E09-00E3-62E3-48B77992BB18}.Release|Any CPU.ActiveCfg = Release|Any CPU
		{22052174-6E09-00E3-62E3-48B77992BB18}.Release|Any CPU.Build.0 = Release|Any CPU
		{22052174-6E09-00E3-62E3-48B77992BB18}.Release|x64.ActiveCfg = Release|Any CPU
		{22052174-6E09-00E3-62E3-48B77992BB18}.Release|x64.Build.0 = Release|Any CPU
		{22052174-6E09-00E3-62E3-48B77992BB18}.Release|x86.ActiveCfg = Release|Any CPU
		{22052174-6E09-00E3-62E3-48B77992BB18}.Release|x86.Build.0 = Release|Any CPU
		{2A4CA202-3520-A0EE-CB90-CD88CD63D9B3}.Debug|Any CPU.ActiveCfg = Debug|Any CPU
		{2A4CA202-3520-A0EE-CB90-CD88CD63D9B3}.Debug|Any CPU.Build.0 = Debug|Any CPU
		{2A4CA202-3520-A0EE-CB90-CD88CD63D9B3}.Debug|x64.ActiveCfg = Debug|Any CPU
		{2A4CA202-3520-A0EE-CB90-CD88CD63D9B3}.Debug|x64.Build.0 = Debug|Any CPU
		{2A4CA202-3520-A0EE-CB90-CD88CD63D9B3}.Debug|x86.ActiveCfg = Debug|Any CPU
		{2A4CA202-3520-A0EE-CB90-CD88CD63D9B3}.Debug|x86.Build.0 = Debug|Any CPU
		{2A4CA202-3520-A0EE-CB90-CD88CD63D9B3}.Release|Any CPU.ActiveCfg = Release|Any CPU
		{2A4CA202-3520-A0EE-CB90-CD88CD63D9B3}.Release|Any CPU.Build.0 = Release|Any CPU
		{2A4CA202-3520-A0EE-CB90-CD88CD63D9B3}.Release|x64.ActiveCfg = Release|Any CPU
		{2A4CA202-3520-A0EE-CB90-CD88CD63D9B3}.Release|x64.Build.0 = Release|Any CPU
		{2A4CA202-3520-A0EE-CB90-CD88CD63D9B3}.Release|x86.ActiveCfg = Release|Any CPU
		{2A4CA202-3520-A0EE-CB90-CD88CD63D9B3}.Release|x86.Build.0 = Release|Any CPU
		{DBF055F8-040F-09CE-6378-4E8B34F79966}.Debug|Any CPU.ActiveCfg = Debug|Any CPU
		{DBF055F8-040F-09CE-6378-4E8B34F79966}.Debug|Any CPU.Build.0 = Debug|Any CPU
		{DBF055F8-040F-09CE-6378-4E8B34F79966}.Debug|x64.ActiveCfg = Debug|Any CPU
		{DBF055F8-040F-09CE-6378-4E8B34F79966}.Debug|x64.Build.0 = Debug|Any CPU
		{DBF055F8-040F-09CE-6378-4E8B34F79966}.Debug|x86.ActiveCfg = Debug|Any CPU
		{DBF055F8-040F-09CE-6378-4E8B34F79966}.Debug|x86.Build.0 = Debug|Any CPU
		{DBF055F8-040F-09CE-6378-4E8B34F79966}.Release|Any CPU.ActiveCfg = Release|Any CPU
		{DBF055F8-040F-09CE-6378-4E8B34F79966}.Release|Any CPU.Build.0 = Release|Any CPU
		{DBF055F8-040F-09CE-6378-4E8B34F79966}.Release|x64.ActiveCfg = Release|Any CPU
		{DBF055F8-040F-09CE-6378-4E8B34F79966}.Release|x64.Build.0 = Release|Any CPU
		{DBF055F8-040F-09CE-6378-4E8B34F79966}.Release|x86.ActiveCfg = Release|Any CPU
		{DBF055F8-040F-09CE-6378-4E8B34F79966}.Release|x86.Build.0 = Release|Any CPU
		{C12E1E6C-21E2-480F-8BEE-E94185337213}.Debug|Any CPU.ActiveCfg = Debug|Any CPU
		{C12E1E6C-21E2-480F-8BEE-E94185337213}.Debug|Any CPU.Build.0 = Debug|Any CPU
		{C12E1E6C-21E2-480F-8BEE-E94185337213}.Debug|x64.ActiveCfg = Debug|Any CPU
		{C12E1E6C-21E2-480F-8BEE-E94185337213}.Debug|x64.Build.0 = Debug|Any CPU
		{C12E1E6C-21E2-480F-8BEE-E94185337213}.Debug|x86.ActiveCfg = Debug|Any CPU
		{C12E1E6C-21E2-480F-8BEE-E94185337213}.Debug|x86.Build.0 = Debug|Any CPU
		{C12E1E6C-21E2-480F-8BEE-E94185337213}.Release|Any CPU.ActiveCfg = Release|Any CPU
		{C12E1E6C-21E2-480F-8BEE-E94185337213}.Release|Any CPU.Build.0 = Release|Any CPU
		{C12E1E6C-21E2-480F-8BEE-E94185337213}.Release|x64.ActiveCfg = Release|Any CPU
		{C12E1E6C-21E2-480F-8BEE-E94185337213}.Release|x64.Build.0 = Release|Any CPU
		{C12E1E6C-21E2-480F-8BEE-E94185337213}.Release|x86.ActiveCfg = Release|Any CPU
		{C12E1E6C-21E2-480F-8BEE-E94185337213}.Release|x86.Build.0 = Release|Any CPU
		{1444B20A-39C7-26D3-6309-DFD65462A147}.Debug|Any CPU.ActiveCfg = Debug|Any CPU
		{1444B20A-39C7-26D3-6309-DFD65462A147}.Debug|Any CPU.Build.0 = Debug|Any CPU
		{1444B20A-39C7-26D3-6309-DFD65462A147}.Debug|x64.ActiveCfg = Debug|Any CPU
		{1444B20A-39C7-26D3-6309-DFD65462A147}.Debug|x64.Build.0 = Debug|Any CPU
		{1444B20A-39C7-26D3-6309-DFD65462A147}.Debug|x86.ActiveCfg = Debug|Any CPU
		{1444B20A-39C7-26D3-6309-DFD65462A147}.Debug|x86.Build.0 = Debug|Any CPU
		{1444B20A-39C7-26D3-6309-DFD65462A147}.Release|Any CPU.ActiveCfg = Release|Any CPU
		{1444B20A-39C7-26D3-6309-DFD65462A147}.Release|Any CPU.Build.0 = Release|Any CPU
		{1444B20A-39C7-26D3-6309-DFD65462A147}.Release|x64.ActiveCfg = Release|Any CPU
		{1444B20A-39C7-26D3-6309-DFD65462A147}.Release|x64.Build.0 = Release|Any CPU
		{1444B20A-39C7-26D3-6309-DFD65462A147}.Release|x86.ActiveCfg = Release|Any CPU
		{1444B20A-39C7-26D3-6309-DFD65462A147}.Release|x86.Build.0 = Release|Any CPU
		{57551015-79D3-7023-73EC-39DCDA7825A2}.Debug|Any CPU.ActiveCfg = Debug|Any CPU
		{57551015-79D3-7023-73EC-39DCDA7825A2}.Debug|Any CPU.Build.0 = Debug|Any CPU
		{57551015-79D3-7023-73EC-39DCDA7825A2}.Debug|x64.ActiveCfg = Debug|Any CPU
		{57551015-79D3-7023-73EC-39DCDA7825A2}.Debug|x64.Build.0 = Debug|Any CPU
		{57551015-79D3-7023-73EC-39DCDA7825A2}.Debug|x86.ActiveCfg = Debug|Any CPU
		{57551015-79D3-7023-73EC-39DCDA7825A2}.Debug|x86.Build.0 = Debug|Any CPU
		{57551015-79D3-7023-73EC-39DCDA7825A2}.Release|Any CPU.ActiveCfg = Release|Any CPU
		{57551015-79D3-7023-73EC-39DCDA7825A2}.Release|Any CPU.Build.0 = Release|Any CPU
		{57551015-79D3-7023-73EC-39DCDA7825A2}.Release|x64.ActiveCfg = Release|Any CPU
		{57551015-79D3-7023-73EC-39DCDA7825A2}.Release|x64.Build.0 = Release|Any CPU
		{57551015-79D3-7023-73EC-39DCDA7825A2}.Release|x86.ActiveCfg = Release|Any CPU
		{57551015-79D3-7023-73EC-39DCDA7825A2}.Release|x86.Build.0 = Release|Any CPU
		{FFBE9F66-C359-874A-6BD5-EF1EFA32FC6A}.Debug|Any CPU.ActiveCfg = Debug|Any CPU
		{FFBE9F66-C359-874A-6BD5-EF1EFA32FC6A}.Debug|Any CPU.Build.0 = Debug|Any CPU
		{FFBE9F66-C359-874A-6BD5-EF1EFA32FC6A}.Debug|x64.ActiveCfg = Debug|Any CPU
		{FFBE9F66-C359-874A-6BD5-EF1EFA32FC6A}.Debug|x64.Build.0 = Debug|Any CPU
		{FFBE9F66-C359-874A-6BD5-EF1EFA32FC6A}.Debug|x86.ActiveCfg = Debug|Any CPU
		{FFBE9F66-C359-874A-6BD5-EF1EFA32FC6A}.Debug|x86.Build.0 = Debug|Any CPU
		{FFBE9F66-C359-874A-6BD5-EF1EFA32FC6A}.Release|Any CPU.ActiveCfg = Release|Any CPU
		{FFBE9F66-C359-874A-6BD5-EF1EFA32FC6A}.Release|Any CPU.Build.0 = Release|Any CPU
		{FFBE9F66-C359-874A-6BD5-EF1EFA32FC6A}.Release|x64.ActiveCfg = Release|Any CPU
		{FFBE9F66-C359-874A-6BD5-EF1EFA32FC6A}.Release|x64.Build.0 = Release|Any CPU
		{FFBE9F66-C359-874A-6BD5-EF1EFA32FC6A}.Release|x86.ActiveCfg = Release|Any CPU
		{FFBE9F66-C359-874A-6BD5-EF1EFA32FC6A}.Release|x86.Build.0 = Release|Any CPU
		{B87D87A6-FFDA-A7A4-368B-5D1B16A52DFE}.Debug|Any CPU.ActiveCfg = Debug|Any CPU
		{B87D87A6-FFDA-A7A4-368B-5D1B16A52DFE}.Debug|Any CPU.Build.0 = Debug|Any CPU
		{B87D87A6-FFDA-A7A4-368B-5D1B16A52DFE}.Debug|x64.ActiveCfg = Debug|Any CPU
		{B87D87A6-FFDA-A7A4-368B-5D1B16A52DFE}.Debug|x64.Build.0 = Debug|Any CPU
		{B87D87A6-FFDA-A7A4-368B-5D1B16A52DFE}.Debug|x86.ActiveCfg = Debug|Any CPU
		{B87D87A6-FFDA-A7A4-368B-5D1B16A52DFE}.Debug|x86.Build.0 = Debug|Any CPU
		{B87D87A6-FFDA-A7A4-368B-5D1B16A52DFE}.Release|Any CPU.ActiveCfg = Release|Any CPU
		{B87D87A6-FFDA-A7A4-368B-5D1B16A52DFE}.Release|Any CPU.Build.0 = Release|Any CPU
		{B87D87A6-FFDA-A7A4-368B-5D1B16A52DFE}.Release|x64.ActiveCfg = Release|Any CPU
		{B87D87A6-FFDA-A7A4-368B-5D1B16A52DFE}.Release|x64.Build.0 = Release|Any CPU
		{B87D87A6-FFDA-A7A4-368B-5D1B16A52DFE}.Release|x86.ActiveCfg = Release|Any CPU
		{B87D87A6-FFDA-A7A4-368B-5D1B16A52DFE}.Release|x86.Build.0 = Release|Any CPU
		{45E9045E-C032-4BB9-B339-877B5AF717C0}.Debug|Any CPU.ActiveCfg = Debug|Any CPU
		{45E9045E-C032-4BB9-B339-877B5AF717C0}.Debug|Any CPU.Build.0 = Debug|Any CPU
		{45E9045E-C032-4BB9-B339-877B5AF717C0}.Debug|x64.ActiveCfg = Debug|Any CPU
		{45E9045E-C032-4BB9-B339-877B5AF717C0}.Debug|x64.Build.0 = Debug|Any CPU
		{45E9045E-C032-4BB9-B339-877B5AF717C0}.Debug|x86.ActiveCfg = Debug|Any CPU
		{45E9045E-C032-4BB9-B339-877B5AF717C0}.Debug|x86.Build.0 = Debug|Any CPU
		{45E9045E-C032-4BB9-B339-877B5AF717C0}.Release|Any CPU.ActiveCfg = Release|Any CPU
		{45E9045E-C032-4BB9-B339-877B5AF717C0}.Release|Any CPU.Build.0 = Release|Any CPU
		{45E9045E-C032-4BB9-B339-877B5AF717C0}.Release|x64.ActiveCfg = Release|Any CPU
		{45E9045E-C032-4BB9-B339-877B5AF717C0}.Release|x64.Build.0 = Release|Any CPU
		{45E9045E-C032-4BB9-B339-877B5AF717C0}.Release|x86.ActiveCfg = Release|Any CPU
		{45E9045E-C032-4BB9-B339-877B5AF717C0}.Release|x86.Build.0 = Release|Any CPU
		{0911B103-6DE4-0AB2-7213-F2088560C4F0}.Debug|Any CPU.ActiveCfg = Debug|Any CPU
		{0911B103-6DE4-0AB2-7213-F2088560C4F0}.Debug|Any CPU.Build.0 = Debug|Any CPU
		{0911B103-6DE4-0AB2-7213-F2088560C4F0}.Debug|x64.ActiveCfg = Debug|Any CPU
		{0911B103-6DE4-0AB2-7213-F2088560C4F0}.Debug|x64.Build.0 = Debug|Any CPU
		{0911B103-6DE4-0AB2-7213-F2088560C4F0}.Debug|x86.ActiveCfg = Debug|Any CPU
		{0911B103-6DE4-0AB2-7213-F2088560C4F0}.Debug|x86.Build.0 = Debug|Any CPU
		{0911B103-6DE4-0AB2-7213-F2088560C4F0}.Release|Any CPU.ActiveCfg = Release|Any CPU
		{0911B103-6DE4-0AB2-7213-F2088560C4F0}.Release|Any CPU.Build.0 = Release|Any CPU
		{0911B103-6DE4-0AB2-7213-F2088560C4F0}.Release|x64.ActiveCfg = Release|Any CPU
		{0911B103-6DE4-0AB2-7213-F2088560C4F0}.Release|x64.Build.0 = Release|Any CPU
		{0911B103-6DE4-0AB2-7213-F2088560C4F0}.Release|x86.ActiveCfg = Release|Any CPU
		{0911B103-6DE4-0AB2-7213-F2088560C4F0}.Release|x86.Build.0 = Release|Any CPU
	EndGlobalSection
	GlobalSection(SolutionProperties) = preSolution
		HideSolutionNode = FALSE
	EndGlobalSection
	GlobalSection(NestedProjects) = preSolution
		{98D561B8-9798-48F2-8CC1-A4DA1F849C8F} = {0AB3BF05-4346-4AA6-1389-037BE0695223}
		{E397079B-6C28-44B6-9F41-8AB1796A652B} = {0AB3BF05-4346-4AA6-1389-037BE0695223}
		{8AA0D0BA-B1F5-43BF-BBCF-2068EF002F90} = {0AB3BF05-4346-4AA6-1389-037BE0695223}
		{22052174-6E09-00E3-62E3-48B77992BB18} = {0AB3BF05-4346-4AA6-1389-037BE0695223}
		{2A4CA202-3520-A0EE-CB90-CD88CD63D9B3} = {0AB3BF05-4346-4AA6-1389-037BE0695223}
		{DBF055F8-040F-09CE-6378-4E8B34F79966} = {0AB3BF05-4346-4AA6-1389-037BE0695223}
		{1444B20A-39C7-26D3-6309-DFD65462A147} = {0AB3BF05-4346-4AA6-1389-037BE0695223}
		{57551015-79D3-7023-73EC-39DCDA7825A2} = {0AB3BF05-4346-4AA6-1389-037BE0695223}
	EndGlobalSection
	GlobalSection(ExtensibilityGlobals) = postSolution
		SolutionGuid = {E6BC90A2-4C77-4E9D-A43C-67321AE52185}
	EndGlobalSection
EndGlobal
