Microsoft Visual Studio Solution File, Format Version 12.00
# Visual Studio Version 17
VisualStudioVersion = 17.8.0.0
MinimumVisualStudioVersion = 17.8.0.0
Project("{9A19103F-16F7-4668-BE54-9A1E7A4F7556}") = "AspireSample.AppHost", "AspireSample.AppHost\AspireSample.AppHost.csproj", "{AC4FBD6B-4829-4EAA-8022-12F5EF26F0EE}"
EndProject
Project("{9A19103F-16F7-4668-BE54-9A1E7A4F7556}") = "AspireSample.ServiceDefaults", "AspireSample.ServiceDefaults\AspireSample.ServiceDefaults.csproj", "{C03CE017-24F0-4985-86F3-E905EC95D775}"
EndProject
Project("{9A19103F-16F7-4668-BE54-9A1E7A4F7556}") = "AspireSample.ApiService", "AspireSample.ApiService\AspireSample.ApiService.csproj", "{01B94C3D-A3D3-4515-A8F4-BD2F541A60BE}"
EndProject
Project("{9A19103F-16F7-4668-BE54-9A1E7A4F7556}") = "AspireSample.Web", "AspireSample.Web\AspireSample.Web.csproj", "{54648E92-EEE4-4C9C-986E-0FD6678D74FF}"
EndProject
Global
	GlobalSection(SolutionConfigurationPlatforms) = preSolution
		Debug|Any CPU = Debug|Any CPU
		Release|Any CPU = Release|Any CPU
	EndGlobalSection
	GlobalSection(ProjectConfigurationPlatforms) = postSolution
		{AC4FBD6B-4829-4EAA-8022-12F5EF26F0EE}.Debug|Any CPU.ActiveCfg = Debug|Any CPU
		{AC4FBD6B-4829-4EAA-8022-12F5EF26F0EE}.Debug|Any CPU.Build.0 = Debug|Any CPU
		{AC4FBD6B-4829-4EAA-8022-12F5EF26F0EE}.Release|Any CPU.ActiveCfg = Release|Any CPU
		{AC4FBD6B-4829-4EAA-8022-12F5EF26F0EE}.Release|Any CPU.Build.0 = Release|Any CPU
		{C03CE017-24F0-4985-86F3-E905EC95D775}.Debug|Any CPU.ActiveCfg = Debug|Any CPU
		{C03CE017-24F0-4985-86F3-E905EC95D775}.Debug|Any CPU.Build.0 = Debug|Any CPU
		{C03CE017-24F0-4985-86F3-E905EC95D775}.Release|Any CPU.ActiveCfg = Release|Any CPU
		{C03CE017-24F0-4985-86F3-E905EC95D775}.Release|Any CPU.Build.0 = Release|Any CPU
		{01B94C3D-A3D3-4515-A8F4-BD2F541A60BE}.Debug|Any CPU.ActiveCfg = Debug|Any CPU
		{01B94C3D-A3D3-4515-A8F4-BD2F541A60BE}.Debug|Any CPU.Build.0 = Debug|Any CPU
		{01B94C3D-A3D3-4515-A8F4-BD2F541A60BE}.Release|Any CPU.ActiveCfg = Release|Any CPU
		{01B94C3D-A3D3-4515-A8F4-BD2F541A60BE}.Release|Any CPU.Build.0 = Release|Any CPU
		{54648E92-EEE4-4C9C-986E-0FD6678D74FF}.Debug|Any CPU.ActiveCfg = Debug|Any CPU
		{54648E92-EEE4-4C9C-986E-0FD6678D74FF}.Debug|Any CPU.Build.0 = Debug|Any CPU
		{54648E92-EEE4-4C9C-986E-0FD6678D74FF}.Release|Any CPU.ActiveCfg = Release|Any CPU
		{54648E92-EEE4-4C9C-986E-0FD6678D74FF}.Release|Any CPU.Build.0 = Release|Any CPU
	EndGlobalSection
	GlobalSection(SolutionProperties) = preSolution
		HideSolutionNode = FALSE
	EndGlobalSection
	GlobalSection(ExtensibilityGlobals) = postSolution
		SolutionGuid = {A3B990A2-FFF8-4A68-A35F-204A209F7558}
	EndGlobalSection
EndGlobal
