{
  "version": 2,
  "dependencies": {
    "net9.0": {
      "FluentResults": {
        "type": "Direct",
        "requested": "[3.16.0, )",
        "resolved": "3.16.0",
        "contentHash": "VWacGzOyN9k7LOKqiNLnFvqTDLbFvepHlINdM3pPTD0YWI+a+VW/Q9gcx4gmJDpDZ32cAsczz5vmRjLCL5UOhA==",
        "dependencies": {
          "Microsoft.Extensions.Logging.Abstractions": "2.1.1",
          "System.Threading.Tasks.Extensions": "4.5.4"
        }
      },
      "Google.Apis.Auth": {
        "type": "Direct",
        "requested": "[1.68.0, )",
        "resolved": "1.68.0",
        "contentHash": "hFx8Qz5bZ4w0hpnn4tSmZaaFpjAMsgVElZ+ZgVLUZ2r9i+AKcoVgwiNfv1pruNS5cCvpXqhKECbruBCfRezPHA==",
        "dependencies": {
          "Google.Apis": "1.68.0",
          "Google.Apis.Core": "1.68.0",
          "System.Management": "7.0.2"
        }
      },
      "Google.Apis.Core": {
        "type": "Direct",
        "requested": "[1.68.0, )",
        "resolved": "1.68.0",
        "contentHash": "pAqwa6pfu53UXCR2b7A/PAPXeuVg6L1OFw38WckN27NU2+mf+KTjoEg2YGv/f0UyKxzz7DxF1urOTKg/6dTP9g==",
        "dependencies": {
          "Newtonsoft.Json": "13.0.3"
        }
      },
      "Google.Apis.Drive.v3": {
        "type": "Direct",
        "requested": "[1.68.0.3568, )",
        "resolved": "1.68.0.3568",
        "contentHash": "HvSMJ4sWXorX/zbrcNnRi1p4F3A8NB4k6D1CBTXKRFlfACKrGT1+N9NfDiOkPjkhOxRRTdi3lvaaJ25UHYv+Cw==",
        "dependencies": {
          "Google.Apis": "1.68.0",
          "Google.Apis.Auth": "1.68.0"
        }
      },
      "Microsoft.Extensions.DependencyInjection.Abstractions": {
        "type": "Direct",
        "requested": "[9.0.5, )",
        "resolved": "9.0.5",
        "contentHash": "cjnRtsEAzU73aN6W7vkWy8Phj5t3Xm78HSqgrbh/O4Q9SK/yN73wZVa21QQY6amSLQRQ/M8N+koGnY6PuvKQsw=="
      },
      "Microsoft.Extensions.Logging.Abstractions": {
        "type": "Direct",
        "requested": "[9.0.5, )",
        "resolved": "9.0.5",
        "contentHash": "pP1PADCrIxMYJXxFmTVbAgEU7GVpjK5i0/tyfU9DiE0oXQy3JWQaOVgCkrCiePLgS8b5sghM3Fau3EeHiVWbCg==",
        "dependencies": {
          "Microsoft.Extensions.DependencyInjection.Abstractions": "9.0.5"
        }
      },
      "PdfPig": {
        "type": "Direct",
        "requested": "[0.1.8, )",
        "resolved": "0.1.8",
        "contentHash": "lrqrQPAwziQV2E5uImAg1i3SpxDn5XdJ8q3sjRBgEdx1quq1ZftnKNyfp3sTY0J7OxpA14ryGBSSUdoGLGCHjw=="
      },
      "Google.Apis": {
        "type": "Transitive",
        "resolved": "1.68.0",
        "contentHash": "s2MymhdpH+ybZNBeZ2J5uFgFHApBp+QXf9FjZSdM1lk/vx5VqIknJwnaWiuAzXxPrLEkesX0Q+UsiWn39yZ9zw==",
        "dependencies": {
          "Google.Apis.Core": "1.68.0"
        }
      },
      "Microsoft.Extensions.DependencyInjection": {
        "type": "Transitive",
        "resolved": "9.0.5",
        "contentHash": "N1Mn0T/tUBPoLL+Fzsp+VCEtneUhhxc1//Dx3BeuQ8AX+XrMlYCfnp2zgpEXnTCB7053CLdiqVWPZ7mEX6MPjg==",
        "dependencies": {
          "Microsoft.Extensions.DependencyInjection.Abstractions": "9.0.5"
        }
      },
      "Microsoft.Extensions.Options": {
        "type": "Transitive",
        "resolved": "9.0.5",
        "contentHash": "vPdJQU8YLOUSSK8NL0RmwcXJr2E0w8xH559PGQl4JYsglgilZr9LZnqV2zdgk+XR05+kuvhBEZKoDVd46o7NqA==",
        "dependencies": {
          "Microsoft.Extensions.DependencyInjection.Abstractions": "9.0.5",
          "Microsoft.Extensions.Primitives": "9.0.5"
        }
      },
      "Microsoft.Extensions.Primitives": {
        "type": "Transitive",
        "resolved": "9.0.5",
        "contentHash": "b4OAv1qE1C9aM+ShWJu3rlo/WjDwa/I30aIPXqDWSKXTtKl1Wwh6BZn+glH5HndGVVn3C6ZAPQj5nv7/7HJNBQ=="
      },
      "Newtonsoft.Json": {
        "type": "Transitive",
        "resolved": "13.0.3",
        "contentHash": "HrC5BXdl00IP9zeV+0Z848QWPAoCr9P3bDEZguI+gkLcBKAOxix/tLEAAHC+UvDNPv4a2d18lOReHMOagPa+zQ=="
      },
      "System.CodeDom": {
        "type": "Transitive",
        "resolved": "7.0.0",
        "contentHash": "GLltyqEsE5/3IE+zYRP5sNa1l44qKl9v+bfdMcwg+M9qnQf47wK3H0SUR/T+3N4JEQXF3vV4CSuuo0rsg+nq2A=="
      },
      "System.Management": {
        "type": "Transitive",
        "resolved": "7.0.2",
        "contentHash": "/qEUN91mP/MUQmJnM5y5BdT7ZoPuVrtxnFlbJ8a3kBJGhe2wCzBfnPFtK2wTtEEcf3DMGR9J00GZZfg6HRI6yA==",
        "dependencies": {
          "System.CodeDom": "7.0.0"
        }
      },
      "System.Threading.Tasks.Extensions": {
        "type": "Transitive",
        "resolved": "4.5.4",
        "contentHash": "zteT+G8xuGu6mS+mzDzYXbzS7rd3K6Fjb9RiZlYlJPam2/hU7JCBZBVEcywNuR+oZ1ncTvc/cq0faRr3P01OVg=="
      },
      "exxerai.application": {
        "type": "Project",
        "dependencies": {
          "ExxerAI.Domain": "[1.0.0, )",
          "Microsoft.Extensions.Logging": "[9.0.5, )",
          "Microsoft.Extensions.Logging.Abstractions": "[9.0.5, )"
        }
      },
      "exxerai.domain": {
        "type": "Project"
      },
      "Microsoft.Extensions.Logging": {
        "type": "CentralTransitive",
        "requested": "[9.0.5, )",
        "resolved": "9.0.5",
        "contentHash": "rQU61lrgvpE/UgcAd4E56HPxUIkX/VUQCxWmwDTLLVeuwRDYTL0q/FLGfAW17cGTKyCh7ywYAEnY3sTEvURsfg==",
        "dependencies": {
          "Microsoft.Extensions.DependencyInjection": "9.0.5",
          "Microsoft.Extensions.Logging.Abstractions": "9.0.5",
          "Microsoft.Extensions.Options": "9.0.5"
        }
      }
    }
  }
}