{
  "version": 2,
  "dependencies": {
    "net9.0": {
      "Microsoft.AspNetCore.OpenApi": {
        "type": "Direct",
        "requested": "[9.0.5, )",
        "resolved": "9.0.5",
        "contentHash": "yZLOciYlpaOO/mHPOpgeSZTv8Lc7fOOVX40eWJJoGs/S9Ny9CymDuKKQofGE9stXGGM9EEnnuPeq0fhR8kdFfg==",
        "dependencies": {
          "Microsoft.OpenApi": "1.6.17"
        }
      },
      "Swashbuckle.AspNetCore": {
        "type": "Direct",
        "requested": "[9.0.0, )",
        "resolved": "9.0.0",
        "contentHash": "y6Q+U2Y6lrY0W8jQ97zSdFWuQioxXx4zbTLVFQBh9jcxkvizo2Y4pRNK0xx3VsYy78qQjSJNsarxAxr4VQqUHw=="
      },
      "Microsoft.OpenApi": {
        "type": "Transitive",
        "resolved": "1.6.17",
        "contentHash": "Le+kehlmrlQfuDFUt1zZ2dVwrhFQtKREdKBo+rexOwaCoYP0/qpgT9tLxCsZjsgR5Itk1UKPcbgO+FyaNid/bA=="
      },
      "exxerai.application": {
        "type": "Project",
        "dependencies": {
          "ExxerAI.Domain": "[1.0.0, )"
        }
      },
      "exxerai.domain": {
        "type": "Project"
      },
      "exxerai.infrastructure": {
        "type": "Project",
        "dependencies": {
          "ExxerAI.Application": "[1.0.0, )",
          "ExxerAI.Domain": "[1.0.0, )"
        }
      }
    }
  }
}