{
  "version": 2,
  "dependencies": {
    "net9.0": {
      "Microsoft.AspNetCore.OpenApi": {
        "type": "Direct",
        "requested": "[9.0.6, )",
        "resolved": "9.0.6",
        "contentHash": "MOJ4DG1xd3NlWMYh+JdGNT9uvBtEk1XQU/FQlpNZFlAzM8t0oB5IimvnGlnK7jmyY4vQagLPB1xw1HjJ8CHrZg==",
        "dependencies": {
          "Microsoft.OpenApi": "1.6.17"
        }
      },
      "Swashbuckle.AspNetCore": {
        "type": "Direct",
        "requested": "[9.0.1, )",
        "resolved": "9.0.1",
        "contentHash": "lmaz0juKGq8VgeCOki98OUVdEH7rvgBST0QrlWXNOxBl7ujNWyqdqj2SMAdgpQfTtBlSQUTHRslRM+0j7El5tA==",
        "dependencies": {
          "Microsoft.Extensions.ApiDescription.Server": "8.0.0",
          "Swashbuckle.AspNetCore.Swagger": "9.0.1",
          "Swashbuckle.AspNetCore.SwaggerGen": "9.0.1",
          "Swashbuckle.AspNetCore.SwaggerUI": "9.0.1"
        }
      },
      "Google.Apis": {
        "type": "Transitive",
        "resolved": "1.70.0",
        "contentHash": "K6VKPkHRN1P7pMb84eZu1rFyoie7LIYYsjTPvTnEH2lbscU1sBLR1C1MtsCoSJzgDIjr0yVGmSKnIC4D73ro1g==",
        "dependencies": {
          "Google.Apis.Core": "1.70.0"
        }
      },
      "Microsoft.Extensions.ApiDescription.Server": {
        "type": "Transitive",
        "resolved": "8.0.0",
        "contentHash": "jDM3a95WerM8g6IcMiBXq1qRS9dqmEUpgnCk2DeMWpPkYtp1ia+CkXabOnK93JmhVlUmv8l9WMPsCSUm+WqkIA=="
      },
      "Microsoft.OpenApi": {
        "type": "Transitive",
        "resolved": "1.6.23",
        "contentHash": "tZ1I0KXnn98CWuV8cpI247A17jaY+ILS9vvF7yhI0uPPEqF4P1d7BWL5Uwtel10w9NucllHB3nTkfYTAcHAh8g=="
      },
      "Newtonsoft.Json": {
        "type": "Transitive",
        "resolved": "13.0.3",
        "contentHash": "HrC5BXdl00IP9zeV+0Z848QWPAoCr9P3bDEZguI+gkLcBKAOxix/tLEAAHC+UvDNPv4a2d18lOReHMOagPa+zQ=="
      },
      "Swashbuckle.AspNetCore.Swagger": {
        "type": "Transitive",
        "resolved": "9.0.1",
        "contentHash": "4/9tBsbeCN+ewwqjEBPq3BszNE9tOvA1iDogwT7qW7L0Uh942IozhtF9VaICD70XyZIlKNiHjc2Vt5QE09P4nw==",
        "dependencies": {
          "Microsoft.OpenApi": "1.6.23"
        }
      },
      "Swashbuckle.AspNetCore.SwaggerGen": {
        "type": "Transitive",
        "resolved": "9.0.1",
        "contentHash": "Za5w1NfLMF0Tt4GTgC491wfmuuMwNw8A5nwZuytpBd4UXYZxkwNJa3QnRYGbUQD9MjLzQCYnKc8rMrr5LglW6A==",
        "dependencies": {
          "Swashbuckle.AspNetCore.Swagger": "9.0.1"
        }
      },
      "Swashbuckle.AspNetCore.SwaggerUI": {
        "type": "Transitive",
        "resolved": "9.0.1",
        "contentHash": "UuU+RvZbJZmnciVzi8G0jb3c6xeA4O8pQGrxl30eCK3pRNvurzZgS6shEei27q9wgvp0/UrTUNUM/a1kSlTfzw=="
      },
      "System.CodeDom": {
        "type": "Transitive",
        "resolved": "7.0.0",
        "contentHash": "GLltyqEsE5/3IE+zYRP5sNa1l44qKl9v+bfdMcwg+M9qnQf47wK3H0SUR/T+3N4JEQXF3vV4CSuuo0rsg+nq2A=="
      },
      "System.Management": {
        "type": "Transitive",
        "resolved": "7.0.2",
        "contentHash": "/qEUN91mP/MUQmJnM5y5BdT7ZoPuVrtxnFlbJ8a3kBJGhe2wCzBfnPFtK2wTtEEcf3DMGR9J00GZZfg6HRI6yA==",
        "dependencies": {
          "System.CodeDom": "7.0.0"
        }
      },
      "exxerai.application": {
        "type": "Project",
        "dependencies": {
          "ExxerAI.Domain": "[1.0.0, )",
          "FluentResults": "[4.0.0, )",
          "Google.Apis.Auth": "[1.70.0, )",
          "Google.Apis.Core": "[1.70.0, )",
          "Google.Apis.Drive.v3": "[1.69.0.3783, )",
          "PdfPig": "[0.1.10, )",
          "SixLabors.ImageSharp": "[3.1.10, )"
        }
      },
      "exxerai.domain": {
        "type": "Project"
      },
      "exxerai.infrastructure": {
        "type": "Project",
        "dependencies": {
          "ExxerAI.Application": "[1.0.0, )",
          "ExxerAI.Domain": "[1.0.0, )",
          "FluentResults": "[4.0.0, )",
          "Google.Apis.Auth": "[1.70.0, )",
          "Google.Apis.Core": "[1.70.0, )",
          "Google.Apis.Drive.v3": "[1.69.0.3783, )",
          "PdfPig": "[0.1.10, )",
          "SixLabors.ImageSharp": "[3.1.10, )"
        }
      },
      "FluentResults": {
        "type": "CentralTransitive",
        "requested": "[4.0.0, )",
        "resolved": "4.0.0",
        "contentHash": "wKfdLvDnDVhXlSreU7u/NFNHH6EfoOhAloEID4ePAyk+ZliowKZJvX+aCL4hxhFc9Jj74t62amS4LyOYTjXGCg=="
      },
      "Google.Apis.Auth": {
        "type": "CentralTransitive",
        "requested": "[1.70.0, )",
        "resolved": "1.70.0",
        "contentHash": "2gnpcYUaD5WS2/2922J+ji1tEKcNtxu+aQoiNVWhfcGwDqgcc5vk6ND6591M2UaGzJn0EdH325rsNHzi/MvA/A==",
        "dependencies": {
          "Google.Apis": "1.70.0",
          "Google.Apis.Core": "1.70.0",
          "System.Management": "7.0.2"
        }
      },
      "Google.Apis.Core": {
        "type": "CentralTransitive",
        "requested": "[1.70.0, )",
        "resolved": "1.70.0",
        "contentHash": "R7Mbea2iB/TN+3BA1LPCqb1eT2HxnILJ+ASl5pdhHHc8uSe95JTTnM2DEVbVBQ3vo9/FpbBxWBRjP1ed9QK9CQ==",
        "dependencies": {
          "Newtonsoft.Json": "13.0.3"
        }
      },
      "Google.Apis.Drive.v3": {
        "type": "CentralTransitive",
        "requested": "[1.69.0.3783, )",
        "resolved": "1.69.0.3783",
        "contentHash": "ey9szbRuGbpX9Cee0gJ4vWPJmYUNrFhUpx3AlOwErE/LOh7rti+gPa+3AVGq1/S9cYsnTxs6iv0sH7UdKrkL3g==",
        "dependencies": {
          "Google.Apis": "1.69.0",
          "Google.Apis.Auth": "1.69.0"
        }
      },
      "PdfPig": {
        "type": "CentralTransitive",
        "requested": "[0.1.10, )",
        "resolved": "0.1.10",
        "contentHash": "9baMcYq7yL0QuaI0ZGq24EB5HY6oVa8ZhspEgYfo4gXpTLqk8RMIMlxtWr3mwuxguheIdscIFH2TN77y5y4L8g=="
      },
      "SixLabors.ImageSharp": {
        "type": "CentralTransitive",
        "requested": "[3.1.10, )",
        "resolved": "3.1.10",
        "contentHash": "R1HEPcqx3v+kvlOTPouP0g/Nzzud9pHtjlgGbFax3Ivaz8kkaGfS2EPfyDGpmfoTUQ3nQ5wxdhYyYa9fwYA9cw=="
      }
    }
  }
}