<Solution>
  <Folder Name="/Solution Items/">
    <File Path="../Directory.Build.props" />
    <File Path="../Directory.Packages.props" />
  </Folder>
  <Folder Name="/Tests/">
    <Project Path="../tests/ExxerAI.Application.Tests/ExxerAI.Application.Tests.csproj" />
    <Project Path="../tests/ExxerAI.Domain.Tests/ExxerAI.Domain.Tests.csproj" />
    <Project Path="../tests/ExxerAI.Infrastructure.Tests/ExxerAI.Infrastructure.Tests.csproj" />
    <Project Path="../tests/ExxerAI.IntegrationTests/ExxerAI.IntegrationTests.csproj" />
    <Project Path="../tests/ExxerAI.WebAPI.Tests/ExxerAI.WebAPI.Tests.csproj" />
  </Folder>
  <Project Path="ExxerAI.Application/ExxerAI.Application.csproj" />
  <Project Path="ExxerAI.BlazorUI/ExxerAI.BlazorUI.csproj" />
  <Project Path="ExxerAI.CLI/ExxerAI.CLI.csproj" />
  <Project Path="ExxerAI.Domain/ExxerAI.Domain.csproj" />
  <Project Path="ExxerAI.Infrastructure/ExxerAI.Infrastructure.csproj" />
  <Project Path="ExxerAI.WebAPI/ExxerAI.WebAPI.csproj" />
  <Properties Name="ExtensibilityGlobals" Scope="PostLoad">
    <Property Name="FileExplorer" Value="..\" />
  </Properties>
</Solution>
