
Microsoft Visual Studio Solution File, Format Version 12.00
# Visual Studio Version 17
VisualStudioVersion = 17.0.31903.59
MinimumVisualStudioVersion = 10.0.40219.1
Project("{FAE04EC0-301F-11D3-BF4B-00C04F79EFBC}") = "ExxerAI.Domain", "ExxerAI.Domain\ExxerAI.Domain.csproj", "{A1B2C3D4-E5F6-7890-ABCD-123456789ABC}"
EndProject
Project("{FAE04EC0-301F-11D3-BF4B-00C04F79EFBC}") = "ExxerAI.Application", "ExxerAI.Application\ExxerAI.Application.csproj", "{E6A37B6E-544A-14EC-3D94-0B9B422E4B9E}"
EndProject
Project("{FAE04EC0-301F-11D3-BF4B-00C04F79EFBC}") = "ExxerAI.Infrastructure", "ExxerAI.Infrastructure\ExxerAI.Infrastructure.csproj", "{1AB82EF1-DA30-044B-417D-CAD3A3D25F81}"
EndProject
Project("{2150E333-8FDC-42A3-9474-1A3956D46DE8}") = "Solution Items", "Solution Items", "{8EC462FD-D22E-90A8-E5CE-7E832BA40C5D}"
	ProjectSection(SolutionItems) = preProject
		Directory.Build.props = Directory.Build.props
		Directory.Packages.props = Directory.Packages.props
	EndProjectSection
EndProject
Project("{2150E333-8FDC-42A3-9474-1A3956D46DE8}") = "Tests", "Tests", "{02EA681E-C7D8-13C7-8484-4AC65E1B71E8}"
EndProject
Project("{FAE04EC0-301F-11D3-BF4B-00C04F79EFBC}") = "ExxerAI.Application.Tests", "..\tests\ExxerAI.Application.Tests\ExxerAI.Application.Tests.csproj", "{B2B2B2B2-C3C3-4D4D-5E5E-6F6F6F6F6F6F}"
EndProject
Project("{FAE04EC0-301F-11D3-BF4B-00C04F79EFBC}") = "ExxerAI.Domain.Tests", "..\tests\ExxerAI.Domain.Tests\ExxerAI.Domain.Tests.csproj", "{A1A1A1A1-B2B2-3C3C-4D4D-5E5E5E5E5E5E}"
EndProject
Project("{FAE04EC0-301F-11D3-BF4B-00C04F79EFBC}") = "ExxerAI.Infrastructure.Tests", "..\tests\ExxerAI.Infrastructure.Tests\ExxerAI.Infrastructure.Tests.csproj", "{7C7CEAE4-213F-B0EC-DD0F-7D922780CF09}"
EndProject
Global
	GlobalSection(SolutionConfigurationPlatforms) = preSolution
		Debug|Any CPU = Debug|Any CPU
		Release|Any CPU = Release|Any CPU
	EndGlobalSection
	GlobalSection(ProjectConfigurationPlatforms) = postSolution
		{A1B2C3D4-E5F6-7890-ABCD-123456789ABC}.Debug|Any CPU.ActiveCfg = Debug|Any CPU
		{A1B2C3D4-E5F6-7890-ABCD-123456789ABC}.Debug|Any CPU.Build.0 = Debug|Any CPU
		{A1B2C3D4-E5F6-7890-ABCD-123456789ABC}.Release|Any CPU.ActiveCfg = Release|Any CPU
		{A1B2C3D4-E5F6-7890-ABCD-123456789ABC}.Release|Any CPU.Build.0 = Release|Any CPU
		{E6A37B6E-544A-14EC-3D94-0B9B422E4B9E}.Debug|Any CPU.ActiveCfg = Debug|Any CPU
		{E6A37B6E-544A-14EC-3D94-0B9B422E4B9E}.Debug|Any CPU.Build.0 = Debug|Any CPU
		{E6A37B6E-544A-14EC-3D94-0B9B422E4B9E}.Release|Any CPU.ActiveCfg = Release|Any CPU
		{E6A37B6E-544A-14EC-3D94-0B9B422E4B9E}.Release|Any CPU.Build.0 = Release|Any CPU
		{1AB82EF1-DA30-044B-417D-CAD3A3D25F81}.Debug|Any CPU.ActiveCfg = Debug|Any CPU
		{1AB82EF1-DA30-044B-417D-CAD3A3D25F81}.Debug|Any CPU.Build.0 = Debug|Any CPU
		{1AB82EF1-DA30-044B-417D-CAD3A3D25F81}.Release|Any CPU.ActiveCfg = Release|Any CPU
		{1AB82EF1-DA30-044B-417D-CAD3A3D25F81}.Release|Any CPU.Build.0 = Release|Any CPU
		{B2B2B2B2-C3C3-4D4D-5E5E-6F6F6F6F6F6F}.Debug|Any CPU.ActiveCfg = Debug|Any CPU
		{B2B2B2B2-C3C3-4D4D-5E5E-6F6F6F6F6F6F}.Debug|Any CPU.Build.0 = Debug|Any CPU
		{B2B2B2B2-C3C3-4D4D-5E5E-6F6F6F6F6F6F}.Release|Any CPU.ActiveCfg = Release|Any CPU
		{B2B2B2B2-C3C3-4D4D-5E5E-6F6F6F6F6F6F}.Release|Any CPU.Build.0 = Release|Any CPU
		{A1A1A1A1-B2B2-3C3C-4D4D-5E5E5E5E5E5E}.Debug|Any CPU.ActiveCfg = Debug|Any CPU
		{A1A1A1A1-B2B2-3C3C-4D4D-5E5E5E5E5E5E}.Debug|Any CPU.Build.0 = Debug|Any CPU
		{A1A1A1A1-B2B2-3C3C-4D4D-5E5E5E5E5E5E}.Release|Any CPU.ActiveCfg = Release|Any CPU
		{A1A1A1A1-B2B2-3C3C-4D4D-5E5E5E5E5E5E}.Release|Any CPU.Build.0 = Release|Any CPU
		{7C7CEAE4-213F-B0EC-DD0F-7D922780CF09}.Debug|Any CPU.ActiveCfg = Debug|Any CPU
		{7C7CEAE4-213F-B0EC-DD0F-7D922780CF09}.Debug|Any CPU.Build.0 = Debug|Any CPU
		{7C7CEAE4-213F-B0EC-DD0F-7D922780CF09}.Release|Any CPU.ActiveCfg = Release|Any CPU
		{7C7CEAE4-213F-B0EC-DD0F-7D922780CF09}.Release|Any CPU.Build.0 = Release|Any CPU
	EndGlobalSection
	GlobalSection(SolutionProperties) = preSolution
		HideSolutionNode = FALSE
	EndGlobalSection
	GlobalSection(NestedProjects) = preSolution
		{B2B2B2B2-C3C3-4D4D-5E5E-6F6F6F6F6F6F} = {02EA681E-C7D8-13C7-8484-4AC65E1B71E8}
		{A1A1A1A1-B2B2-3C3C-4D4D-5E5E5E5E5E5E} = {02EA681E-C7D8-13C7-8484-4AC65E1B71E8}
		{7C7CEAE4-213F-B0EC-DD0F-7D922780CF09} = {02EA681E-C7D8-13C7-8484-4AC65E1B71E8}
	EndGlobalSection
	GlobalSection(ExtensibilityGlobals) = postSolution
		SolutionGuid = {5DC44979-886B-4BD8-99C4-FD8F8575E4D3}
		FileExplorer = ..\
	EndGlobalSection
EndGlobal
